
Microsoft Visual Studio Solution File, Format Version 12.00
# Visual Studio Version 17
VisualStudioVersion = 17.10.35122.118
MinimumVisualStudioVersion = 10.0.40219.1
Project("{2150E333-8FDC-42A3-9474-1A3956D46DE8}") = "Api", "Api", "{65AE5CD6-CC66-4331-B658-8F552FB72FE5}"
EndProject
Project("{9A19103F-16F7-4668-BE54-9A1E7A4F7556}") = "ProEventos.API", "Back\ProEventos.API\ProEventos.API.csproj", "{A0AAC756-EB83-4CD0-9F7B-A6670D7E3037}"
EndProject
Project("{9A19103F-16F7-4668-BE54-9A1E7A4F7556}") = "ProEventos.Application", "Application\ProEventos.Application\ProEventos.Application.csproj", "{0784DB75-EE26-40A3-87C7-BC5A55398682}"
EndProject
Project("{2150E333-8FDC-42A3-9474-1A3956D46DE8}") = "Application", "Application", "{1E7FAA0D-56E2-4F77-B364-810D0D25C716}"
EndProject
Project("{2150E333-8FDC-42A3-9474-1A3956D46DE8}") = "Domain", "Domain", "{3AB244ED-CCCA-4E44-B73E-299C93DE1BB5}"
EndProject
Project("{2150E333-8FDC-42A3-9474-1A3956D46DE8}") = "Persistence", "Persistence", "{4F6EBC74-B86B-4818-80EE-5ED18E5E480B}"
EndProject
Project("{9A19103F-16F7-4668-BE54-9A1E7A4F7556}") = "ProEventos.Domain", "Domain\ProEventos.Domain\ProEventos.Domain.csproj", "{098DB0EE-E430-4FD7-8FA3-CE12CC3AB45C}"
EndProject
Project("{9A19103F-16F7-4668-BE54-9A1E7A4F7556}") = "ProEventos.Persistence", "Persistence\ProEventos.Persistence\ProEventos.Persistence.csproj", "{0C88F064-CC6C-4043-9E87-9F6598F05C3D}"
EndProject
Global
	GlobalSection(SolutionConfigurationPlatforms) = preSolution
		Debug|Any CPU = Debug|Any CPU
		Release|Any CPU = Release|Any CPU
	EndGlobalSection
	GlobalSection(ProjectConfigurationPlatforms) = postSolution
		{A0AAC756-EB83-4CD0-9F7B-A6670D7E3037}.Debug|Any CPU.ActiveCfg = Debug|Any CPU
		{A0AAC756-EB83-4CD0-9F7B-A6670D7E3037}.Debug|Any CPU.Build.0 = Debug|Any CPU
		{A0AAC756-EB83-4CD0-9F7B-A6670D7E3037}.Release|Any CPU.ActiveCfg = Release|Any CPU
		{A0AAC756-EB83-4CD0-9F7B-A6670D7E3037}.Release|Any CPU.Build.0 = Release|Any CPU
		{0784DB75-EE26-40A3-87C7-BC5A55398682}.Debug|Any CPU.ActiveCfg = Debug|Any CPU
		{0784DB75-EE26-40A3-87C7-BC5A55398682}.Debug|Any CPU.Build.0 = Debug|Any CPU
		{0784DB75-EE26-40A3-87C7-BC5A55398682}.Release|Any CPU.ActiveCfg = Release|Any CPU
		{0784DB75-EE26-40A3-87C7-BC5A55398682}.Release|Any CPU.Build.0 = Release|Any CPU
		{098DB0EE-E430-4FD7-8FA3-CE12CC3AB45C}.Debug|Any CPU.ActiveCfg = Debug|Any CPU
		{098DB0EE-E430-4FD7-8FA3-CE12CC3AB45C}.Debug|Any CPU.Build.0 = Debug|Any CPU
		{098DB0EE-E430-4FD7-8FA3-CE12CC3AB45C}.Release|Any CPU.ActiveCfg = Release|Any CPU
		{098DB0EE-E430-4FD7-8FA3-CE12CC3AB45C}.Release|Any CPU.Build.0 = Release|Any CPU
		{0C88F064-CC6C-4043-9E87-9F6598F05C3D}.Debug|Any CPU.ActiveCfg = Debug|Any CPU
		{0C88F064-CC6C-4043-9E87-9F6598F05C3D}.Debug|Any CPU.Build.0 = Debug|Any CPU
		{0C88F064-CC6C-4043-9E87-9F6598F05C3D}.Release|Any CPU.ActiveCfg = Release|Any CPU
		{0C88F064-CC6C-4043-9E87-9F6598F05C3D}.Release|Any CPU.Build.0 = Release|Any CPU
	EndGlobalSection
	GlobalSection(SolutionProperties) = preSolution
		HideSolutionNode = FALSE
	EndGlobalSection
	GlobalSection(NestedProjects) = preSolution
		{A0AAC756-EB83-4CD0-9F7B-A6670D7E3037} = {65AE5CD6-CC66-4331-B658-8F552FB72FE5}
		{0784DB75-EE26-40A3-87C7-BC5A55398682} = {1E7FAA0D-56E2-4F77-B364-810D0D25C716}
		{098DB0EE-E430-4FD7-8FA3-CE12CC3AB45C} = {3AB244ED-CCCA-4E44-B73E-299C93DE1BB5}
		{0C88F064-CC6C-4043-9E87-9F6598F05C3D} = {4F6EBC74-B86B-4818-80EE-5ED18E5E480B}
	EndGlobalSection
	GlobalSection(ExtensibilityGlobals) = postSolution
		SolutionGuid = {8D692699-C9E2-4CFB-9921-65926D9C65BE}
	EndGlobalSection
EndGlobal
